
Microsoft Visual Studio Solution File, Format Version 12.00
# Visual Studio Version 16
VisualStudioVersion = 16.0.31515.178
MinimumVisualStudioVersion = 10.0.40219.1
Project("{FAE04EC0-301F-11D3-BF4B-00C04F79EFBC}") = "3JuneTest", "3JuneTest\3JuneTest.csproj", "{6EFA8849-4218-42C3-AA7C-276BB18CEDF6}"
EndProject
Global
	GlobalSection(SolutionConfigurationPlatforms) = preSolution
		Debug|Any CPU = Debug|Any CPU
		Release|Any CPU = Release|Any CPU
	EndGlobalSection
	GlobalSection(ProjectConfigurationPlatforms) = postSolution
		{6EFA8849-4218-42C3-AA7C-276BB18CEDF6}.Debug|Any CPU.ActiveCfg = Debug|Any CPU
		{6EFA8849-4218-42C3-AA7C-276BB18CEDF6}.Debug|Any CPU.Build.0 = Debug|Any CPU
		{6EFA8849-4218-42C3-AA7C-276BB18CEDF6}.Release|Any CPU.ActiveCfg = Release|Any CPU
		{6EFA8849-4218-42C3-AA7C-276BB18CEDF6}.Release|Any CPU.Build.0 = Release|Any CPU
	EndGlobalSection
	GlobalSection(SolutionProperties) = preSolution
		HideSolutionNode = FALSE
	EndGlobalSection
	GlobalSection(ExtensibilityGlobals) = postSolution
		SolutionGuid = {74FB3C3D-B72B-4F37-83B7-599D20004831}
	EndGlobalSection
EndGlobal
